// !$*UTF8*$!
{
	archiveVersion = 1;
	classes = {
	};
	objectVersion = 46;
	objects = {

/* Begin PBXBuildFile section */
		2B1041A2256952E4587B17F5 /* libPods-TestTemplateProject.a in Frameworks */ = {isa = PBXBuildFile; fileRef = 0B6364692DBB1E35BBAC518E /* libPods-TestTemplateProject.a */; };
		330F7BF61ED333F00009280A /* AppDelegate.m in Sources */ = {isa = PBXBuildFile; fileRef = 330F7BDA1ED333F00009280A /* AppDelegate.m */; };
		330F7C001ED333F00009280A /* main.m in Sources */ = {isa = PBXBuildFile; fileRef = 330F7BF51ED333F00009280A /* main.m */; };
		330F7C021ED334380009280A /* Assets.xcassets in Resources */ = {isa = PBXBuildFile; fileRef = 330F7C011ED334380009280A /* Assets.xcassets */; };
		330F7C0D1ED349AB0009280A /* UIView+Helper.m in Sources */ = {isa = PBXBuildFile; fileRef = 330F7C0B1ED349AB0009280A /* UIView+Helper.m */; };
		33144EF61EF05059006D27AC /* UIUtils.m in Sources */ = {isa = PBXBuildFile; fileRef = 33144EEA1EF05059006D27AC /* UIUtils.m */; };
		33144EF91EF05218006D27AC /* NSString+Size.m in Sources */ = {isa = PBXBuildFile; fileRef = 33144EF81EF05218006D27AC /* NSString+Size.m */; };
		337EEC291EDC3F2C00EDC166 /* NSObject+DLIntrospection.m in Sources */ = {isa = PBXBuildFile; fileRef = 337EEC281EDC3F2C00EDC166 /* NSObject+DLIntrospection.m */; };
		33EBA9091EF2CE41004624D7 /* TBCircularSlider.m in Sources */ = {isa = PBXBuildFile; fileRef = 33EBA9061EF2CE41004624D7 /* TBCircularSlider.m */; };
		33EBA90A1EF2CE41004624D7 /* CircularSliderVC.m in Sources */ = {isa = PBXBuildFile; fileRef = 33EBA9081EF2CE41004624D7 /* CircularSliderVC.m */; };
		33EBA90F1EF2D07B004624D7 /* GestureVC.m in Sources */ = {isa = PBXBuildFile; fileRef = 33EBA90D1EF2D07B004624D7 /* GestureVC.m */; };
		33EBA9101EF2D07B004624D7 /* GestureVC.xib in Resources */ = {isa = PBXBuildFile; fileRef = 33EBA90E1EF2D07B004624D7 /* GestureVC.xib */; };
		33EBA9191EF2D64C004624D7 /* CCHContentViewController.m in Sources */ = {isa = PBXBuildFile; fileRef = 33EBA9141EF2D64C004624D7 /* CCHContentViewController.m */; };
		33EBA91A1EF2D64C004624D7 /* CCHSuspendWindow.m in Sources */ = {isa = PBXBuildFile; fileRef = 33EBA9161EF2D64C004624D7 /* CCHSuspendWindow.m */; };
		33EBA91B1EF2D64C004624D7 /* SuspendViewDemoVC.m in Sources */ = {isa = PBXBuildFile; fileRef = 33EBA9181EF2D64C004624D7 /* SuspendViewDemoVC.m */; };
		33EBA9201EF2DB8F004624D7 /* FamiliarUsageVC.m in Sources */ = {isa = PBXBuildFile; fileRef = 33EBA91E1EF2DB8F004624D7 /* FamiliarUsageVC.m */; };
		33EBA9211EF2DB8F004624D7 /* FamiliarUsageVC.xib in Resources */ = {isa = PBXBuildFile; fileRef = 33EBA91F1EF2DB8F004624D7 /* FamiliarUsageVC.xib */; };
		33EBA9241EF2DFC6004624D7 /* LargerResondAreaButton.m in Sources */ = {isa = PBXBuildFile; fileRef = 33EBA9231EF2DFC6004624D7 /* LargerResondAreaButton.m */; };
		33EBA9271EF2E8D4004624D7 /* CircularRespondAreaButton.m in Sources */ = {isa = PBXBuildFile; fileRef = 33EBA9261EF2E8D4004624D7 /* CircularRespondAreaButton.m */; };
		33EBA92A1EF2EC26004624D7 /* AlphaRespondAreaButton.m in Sources */ = {isa = PBXBuildFile; fileRef = 33EBA9291EF2EC26004624D7 /* AlphaRespondAreaButton.m */; };
		33EBA92D1EF2EFBE004624D7 /* ShapeAreaButton.m in Sources */ = {isa = PBXBuildFile; fileRef = 33EBA92C1EF2EFBE004624D7 /* ShapeAreaButton.m */; };
		33EBA9321EF2FB17004624D7 /* ScrollViewDemoVC.m in Sources */ = {isa = PBXBuildFile; fileRef = 33EBA9301EF2FB17004624D7 /* ScrollViewDemoVC.m */; };
		33EBA9331EF2FB17004624D7 /* ScrollViewDemoVC.xib in Resources */ = {isa = PBXBuildFile; fileRef = 33EBA9311EF2FB17004624D7 /* ScrollViewDemoVC.xib */; };
		33EBA9381EF2FC23004624D7 /* BeyondSuperViewVC.m in Sources */ = {isa = PBXBuildFile; fileRef = 33EBA9361EF2FC23004624D7 /* BeyondSuperViewVC.m */; };
		33EBA9391EF2FC23004624D7 /* BeyondSuperViewVC.xib in Resources */ = {isa = PBXBuildFile; fileRef = 33EBA9371EF2FC23004624D7 /* BeyondSuperViewVC.xib */; };
		33EBA93C1EF2FD1C004624D7 /* UIResponder+PrintMessage.m in Sources */ = {isa = PBXBuildFile; fileRef = 33EBA93B1EF2FD1C004624D7 /* UIResponder+PrintMessage.m */; };
		33EBA93F1EF30060004624D7 /* UIView+PrintMessage.m in Sources */ = {isa = PBXBuildFile; fileRef = 33EBA93E1EF30060004624D7 /* UIView+PrintMessage.m */; };
		33EBA9441EF30628004624D7 /* SubViewOutsideCanRespondView.m in Sources */ = {isa = PBXBuildFile; fileRef = 33EBA9431EF30628004624D7 /* SubViewOutsideCanRespondView.m */; };
		33EBA9471EF313BF004624D7 /* HackerScrollView.m in Sources */ = {isa = PBXBuildFile; fileRef = 33EBA9461EF313BF004624D7 /* HackerScrollView.m */; };
		33EBA94A1EF314D4004624D7 /* ScrollViewSuperView.m in Sources */ = {isa = PBXBuildFile; fileRef = 33EBA9491EF314D4004624D7 /* ScrollViewSuperView.m */; };
		B50394D81EEE71E00016FA97 /* HomePageVC.m in Sources */ = {isa = PBXBuildFile; fileRef = B50394D61EEE71E00016FA97 /* HomePageVC.m */; };
		B50394D91EEE71E00016FA97 /* HomePageVC.xib in Resources */ = {isa = PBXBuildFile; fileRef = B50394D71EEE71E00016FA97 /* HomePageVC.xib */; };
		B50394DE1EEE71FB0016FA97 /* PlaygroundVC.m in Sources */ = {isa = PBXBuildFile; fileRef = B50394DC1EEE71FB0016FA97 /* PlaygroundVC.m */; };
		B50394DF1EEE71FB0016FA97 /* PlaygroundVC.xib in Resources */ = {isa = PBXBuildFile; fileRef = B50394DD1EEE71FB0016FA97 /* PlaygroundVC.xib */; };
		B50711981F147AD6008EC4AE /* BNPopoverBaseLayout.m in Sources */ = {isa = PBXBuildFile; fileRef = B507118D1F147AD6008EC4AE /* BNPopoverBaseLayout.m */; };
		B50711991F147AD6008EC4AE /* BNPopoverBottomLayout.m in Sources */ = {isa = PBXBuildFile; fileRef = B507118F1F147AD6008EC4AE /* BNPopoverBottomLayout.m */; };
		B507119A1F147AD6008EC4AE /* BNPopoverCustomLayout.m in Sources */ = {isa = PBXBuildFile; fileRef = B50711911F147AD6008EC4AE /* BNPopoverCustomLayout.m */; };
		B507119B1F147AD6008EC4AE /* BNPopoverMiddleLayout.m in Sources */ = {isa = PBXBuildFile; fileRef = B50711931F147AD6008EC4AE /* BNPopoverMiddleLayout.m */; };
		B507119C1F147AD6008EC4AE /* BNPopoverWindow.m in Sources */ = {isa = PBXBuildFile; fileRef = B50711951F147AD6008EC4AE /* BNPopoverWindow.m */; };
		B507119D1F147AD6008EC4AE /* BNPopoverWindowRootVC.m in Sources */ = {isa = PBXBuildFile; fileRef = B50711971F147AD6008EC4AE /* BNPopoverWindowRootVC.m */; };
		B50711B01F14A522008EC4AE /* GestureDeepVC.m in Sources */ = {isa = PBXBuildFile; fileRef = B50711AE1F14A522008EC4AE /* GestureDeepVC.m */; };
		B50711B11F14A522008EC4AE /* GestureDeepVC.xib in Resources */ = {isa = PBXBuildFile; fileRef = B50711AF1F14A522008EC4AE /* GestureDeepVC.xib */; };
		B50711BE1F14A5A9008EC4AE /* CustomGestureVC.m in Sources */ = {isa = PBXBuildFile; fileRef = B50711BC1F14A5A9008EC4AE /* CustomGestureVC.m */; };
		B50711BF1F14A5A9008EC4AE /* CustomGestureVC.xib in Resources */ = {isa = PBXBuildFile; fileRef = B50711BD1F14A5A9008EC4AE /* CustomGestureVC.xib */; };
		B50711C51F14B281008EC4AE /* ScratchGestureRecognizer.m in Sources */ = {isa = PBXBuildFile; fileRef = B50711C41F14B281008EC4AE /* ScratchGestureRecognizer.m */; };
		B50711C81F14B2A5008EC4AE /* CheckGestureRecognizer.m in Sources */ = {isa = PBXBuildFile; fileRef = B50711C71F14B2A5008EC4AE /* CheckGestureRecognizer.m */; };
		B564802F1EF92268009CF536 /* GCDGroup.m in Sources */ = {isa = PBXBuildFile; fileRef = B56480231EF92268009CF536 /* GCDGroup.m */; };
		B56480301EF92268009CF536 /* GCDQueue.m in Sources */ = {isa = PBXBuildFile; fileRef = B56480271EF92268009CF536 /* GCDQueue.m */; };
		B56480311EF92268009CF536 /* GCDSemaphore.m in Sources */ = {isa = PBXBuildFile; fileRef = B56480291EF92268009CF536 /* GCDSemaphore.m */; };
		B56480321EF92268009CF536 /* MBProgressHUD+Add.m in Sources */ = {isa = PBXBuildFile; fileRef = B564802C1EF92268009CF536 /* MBProgressHUD+Add.m */; };
		B56480331EF92268009CF536 /* MBProgressHUD.m in Sources */ = {isa = PBXBuildFile; fileRef = B564802E1EF92268009CF536 /* MBProgressHUD.m */; };
		B56480361EF922E9009CF536 /* CommonUtils.m in Sources */ = {isa = PBXBuildFile; fileRef = B56480351EF922E9009CF536 /* CommonUtils.m */; };
		B564803B1EF92301009CF536 /* UIImage+Blur.m in Sources */ = {isa = PBXBuildFile; fileRef = B56480381EF92301009CF536 /* UIImage+Blur.m */; };
		B564803C1EF92301009CF536 /* UIView+Hierarchy.m in Sources */ = {isa = PBXBuildFile; fileRef = B564803A1EF92301009CF536 /* UIView+Hierarchy.m */; };
		B56480411EF92315009CF536 /* BNPopupWindow.m in Sources */ = {isa = PBXBuildFile; fileRef = B56480401EF92315009CF536 /* BNPopupWindow.m */; };
		B56480481EF92346009CF536 /* BasePopoverVC.m in Sources */ = {isa = PBXBuildFile; fileRef = B56480441EF92346009CF536 /* BasePopoverVC.m */; };
		B56480491EF92346009CF536 /* BaseWindowRootVC.m in Sources */ = {isa = PBXBuildFile; fileRef = B56480471EF92346009CF536 /* BaseWindowRootVC.m */; };
		B5FA68AD1EF26F870077349C /* BaseViewController.m in Sources */ = {isa = PBXBuildFile; fileRef = B5FA68A61EF26F870077349C /* BaseViewController.m */; };
		B5FA68AE1EF26F870077349C /* BNNavigationController.m in Sources */ = {isa = PBXBuildFile; fileRef = B5FA68A91EF26F870077349C /* BNNavigationController.m */; };
		B5FA68AF1EF26F870077349C /* BNTabBarController.m in Sources */ = {isa = PBXBuildFile; fileRef = B5FA68AC1EF26F870077349C /* BNTabBarController.m */; };
		B5FA68CE1EF287BD0077349C /* ResponderDescVC.m in Sources */ = {isa = PBXBuildFile; fileRef = B5FA68CC1EF287BD0077349C /* ResponderDescVC.m */; };
		B5FA68CF1EF287BD0077349C /* ResponderDescVC.xib in Resources */ = {isa = PBXBuildFile; fileRef = B5FA68CD1EF287BD0077349C /* ResponderDescVC.xib */; };
		B5FA68D21EF28A8C0077349C /* BNCustomWindow.m in Sources */ = {isa = PBXBuildFile; fileRef = B5FA68D11EF28A8C0077349C /* BNCustomWindow.m */; };
		B5FA68D61EF2924F0077349C /* CustomView.m in Sources */ = {isa = PBXBuildFile; fileRef = B5FA68D51EF2924F0077349C /* CustomView.m */; };
		B5FA68D91EF293BF0077349C /* CustomButton.m in Sources */ = {isa = PBXBuildFile; fileRef = B5FA68D81EF293BF0077349C /* CustomButton.m */; };
		B5FA68DC1EF29C500077349C /* CustomControl.m in Sources */ = {isa = PBXBuildFile; fileRef = B5FA68DB1EF29C500077349C /* CustomControl.m */; };
		B5FA68DF1EF2AE0D0077349C /* CustomTextField.m in Sources */ = {isa = PBXBuildFile; fileRef = B5FA68DE1EF2AE0D0077349C /* CustomTextField.m */; };
/* End PBXBuildFile section */

/* Begin PBXFileReference section */
		0B6364692DBB1E35BBAC518E /* libPods-TestTemplateProject.a */ = {isa = PBXFileReference; explicitFileType = archive.ar; includeInIndex = 0; path = "libPods-TestTemplateProject.a"; sourceTree = BUILT_PRODUCTS_DIR; };
		330F7BBD1ED3321F0009280A /* TestTemplateProject.app */ = {isa = PBXFileReference; explicitFileType = wrapper.application; includeInIndex = 0; path = TestTemplateProject.app; sourceTree = BUILT_PRODUCTS_DIR; };
		330F7BD91ED333F00009280A /* AppDelegate.h */ = {isa = PBXFileReference; fileEncoding = 4; lastKnownFileType = sourcecode.c.h; path = AppDelegate.h; sourceTree = "<group>"; };
		330F7BDA1ED333F00009280A /* AppDelegate.m */ = {isa = PBXFileReference; fileEncoding = 4; lastKnownFileType = sourcecode.c.objc; path = AppDelegate.m; sourceTree = "<group>"; };
		330F7BF41ED333F00009280A /* Info.plist */ = {isa = PBXFileReference; fileEncoding = 4; lastKnownFileType = text.plist.xml; path = Info.plist; sourceTree = "<group>"; };
		330F7BF51ED333F00009280A /* main.m */ = {isa = PBXFileReference; fileEncoding = 4; lastKnownFileType = sourcecode.c.objc; path = main.m; sourceTree = "<group>"; };
		330F7C011ED334380009280A /* Assets.xcassets */ = {isa = PBXFileReference; lastKnownFileType = folder.assetcatalog; path = Assets.xcassets; sourceTree = "<group>"; };
		330F7C0A1ED349AB0009280A /* UIView+Helper.h */ = {isa = PBXFileReference; fileEncoding = 4; lastKnownFileType = sourcecode.c.h; path = "UIView+Helper.h"; sourceTree = "<group>"; };
		330F7C0B1ED349AB0009280A /* UIView+Helper.m */ = {isa = PBXFileReference; fileEncoding = 4; lastKnownFileType = sourcecode.c.objc; path = "UIView+Helper.m"; sourceTree = "<group>"; };
		330F7ECC1ED352250009280A /* PrefixHeader.pch */ = {isa = PBXFileReference; lastKnownFileType = sourcecode.c.h; path = PrefixHeader.pch; sourceTree = "<group>"; };
		33144ED11EF04F1D006D27AC /* commonConstDef.h */ = {isa = PBXFileReference; fileEncoding = 4; lastKnownFileType = sourcecode.c.h; path = commonConstDef.h; sourceTree = "<group>"; };
		33144ED21EF04F1D006D27AC /* macrodef.h */ = {isa = PBXFileReference; fileEncoding = 4; lastKnownFileType = sourcecode.c.h; path = macrodef.h; sourceTree = "<group>"; };
		33144ED31EF04F1D006D27AC /* typedef.h */ = {isa = PBXFileReference; fileEncoding = 4; lastKnownFileType = sourcecode.c.h; path = typedef.h; sourceTree = "<group>"; };
		33144EE91EF05059006D27AC /* UIUtils.h */ = {isa = PBXFileReference; fileEncoding = 4; lastKnownFileType = sourcecode.c.h; path = UIUtils.h; sourceTree = "<group>"; };
		33144EEA1EF05059006D27AC /* UIUtils.m */ = {isa = PBXFileReference; fileEncoding = 4; lastKnownFileType = sourcecode.c.objc; path = UIUtils.m; sourceTree = "<group>"; };
		33144EEB1EF05059006D27AC /* Utility.h */ = {isa = PBXFileReference; fileEncoding = 4; lastKnownFileType = sourcecode.c.h; path = Utility.h; sourceTree = "<group>"; };
		33144EF71EF05218006D27AC /* NSString+Size.h */ = {isa = PBXFileReference; fileEncoding = 4; lastKnownFileType = sourcecode.c.h; path = "NSString+Size.h"; sourceTree = "<group>"; };
		33144EF81EF05218006D27AC /* NSString+Size.m */ = {isa = PBXFileReference; fileEncoding = 4; lastKnownFileType = sourcecode.c.objc; path = "NSString+Size.m"; sourceTree = "<group>"; };
		337EEC271EDC3F2C00EDC166 /* NSObject+DLIntrospection.h */ = {isa = PBXFileReference; fileEncoding = 4; lastKnownFileType = sourcecode.c.h; path = "NSObject+DLIntrospection.h"; sourceTree = "<group>"; };
		337EEC281EDC3F2C00EDC166 /* NSObject+DLIntrospection.m */ = {isa = PBXFileReference; fileEncoding = 4; lastKnownFileType = sourcecode.c.objc; path = "NSObject+DLIntrospection.m"; sourceTree = "<group>"; };
		33EBA9041EF2CE41004624D7 /* Commons.h */ = {isa = PBXFileReference; fileEncoding = 4; lastKnownFileType = sourcecode.c.h; path = Commons.h; sourceTree = "<group>"; };
		33EBA9051EF2CE41004624D7 /* TBCircularSlider.h */ = {isa = PBXFileReference; fileEncoding = 4; lastKnownFileType = sourcecode.c.h; path = TBCircularSlider.h; sourceTree = "<group>"; };
		33EBA9061EF2CE41004624D7 /* TBCircularSlider.m */ = {isa = PBXFileReference; fileEncoding = 4; lastKnownFileType = sourcecode.c.objc; path = TBCircularSlider.m; sourceTree = "<group>"; };
		33EBA9071EF2CE41004624D7 /* CircularSliderVC.h */ = {isa = PBXFileReference; fileEncoding = 4; lastKnownFileType = sourcecode.c.h; path = CircularSliderVC.h; sourceTree = "<group>"; };
		33EBA9081EF2CE41004624D7 /* CircularSliderVC.m */ = {isa = PBXFileReference; fileEncoding = 4; lastKnownFileType = sourcecode.c.objc; path = CircularSliderVC.m; sourceTree = "<group>"; };
		33EBA90C1EF2D07B004624D7 /* GestureVC.h */ = {isa = PBXFileReference; fileEncoding = 4; lastKnownFileType = sourcecode.c.h; path = GestureVC.h; sourceTree = "<group>"; };
		33EBA90D1EF2D07B004624D7 /* GestureVC.m */ = {isa = PBXFileReference; fileEncoding = 4; lastKnownFileType = sourcecode.c.objc; path = GestureVC.m; sourceTree = "<group>"; };
		33EBA90E1EF2D07B004624D7 /* GestureVC.xib */ = {isa = PBXFileReference; fileEncoding = 4; lastKnownFileType = file.xib; path = GestureVC.xib; sourceTree = "<group>"; };
		33EBA9131EF2D64C004624D7 /* CCHContentViewController.h */ = {isa = PBXFileReference; fileEncoding = 4; lastKnownFileType = sourcecode.c.h; path = CCHContentViewController.h; sourceTree = "<group>"; };
		33EBA9141EF2D64C004624D7 /* CCHContentViewController.m */ = {isa = PBXFileReference; fileEncoding = 4; lastKnownFileType = sourcecode.c.objc; path = CCHContentViewController.m; sourceTree = "<group>"; };
		33EBA9151EF2D64C004624D7 /* CCHSuspendWindow.h */ = {isa = PBXFileReference; fileEncoding = 4; lastKnownFileType = sourcecode.c.h; path = CCHSuspendWindow.h; sourceTree = "<group>"; };
		33EBA9161EF2D64C004624D7 /* CCHSuspendWindow.m */ = {isa = PBXFileReference; fileEncoding = 4; lastKnownFileType = sourcecode.c.objc; path = CCHSuspendWindow.m; sourceTree = "<group>"; };
		33EBA9171EF2D64C004624D7 /* SuspendViewDemoVC.h */ = {isa = PBXFileReference; fileEncoding = 4; lastKnownFileType = sourcecode.c.h; path = SuspendViewDemoVC.h; sourceTree = "<group>"; };
		33EBA9181EF2D64C004624D7 /* SuspendViewDemoVC.m */ = {isa = PBXFileReference; fileEncoding = 4; lastKnownFileType = sourcecode.c.objc; path = SuspendViewDemoVC.m; sourceTree = "<group>"; };
		33EBA91D1EF2DB8F004624D7 /* FamiliarUsageVC.h */ = {isa = PBXFileReference; fileEncoding = 4; lastKnownFileType = sourcecode.c.h; path = FamiliarUsageVC.h; sourceTree = "<group>"; };
		33EBA91E1EF2DB8F004624D7 /* FamiliarUsageVC.m */ = {isa = PBXFileReference; fileEncoding = 4; lastKnownFileType = sourcecode.c.objc; path = FamiliarUsageVC.m; sourceTree = "<group>"; };
		33EBA91F1EF2DB8F004624D7 /* FamiliarUsageVC.xib */ = {isa = PBXFileReference; fileEncoding = 4; lastKnownFileType = file.xib; path = FamiliarUsageVC.xib; sourceTree = "<group>"; };
		33EBA9221EF2DFC6004624D7 /* LargerResondAreaButton.h */ = {isa = PBXFileReference; fileEncoding = 4; lastKnownFileType = sourcecode.c.h; path = LargerResondAreaButton.h; sourceTree = "<group>"; };
		33EBA9231EF2DFC6004624D7 /* LargerResondAreaButton.m */ = {isa = PBXFileReference; fileEncoding = 4; lastKnownFileType = sourcecode.c.objc; path = LargerResondAreaButton.m; sourceTree = "<group>"; };
		33EBA9251EF2E8D4004624D7 /* CircularRespondAreaButton.h */ = {isa = PBXFileReference; fileEncoding = 4; lastKnownFileType = sourcecode.c.h; path = CircularRespondAreaButton.h; sourceTree = "<group>"; };
		33EBA9261EF2E8D4004624D7 /* CircularRespondAreaButton.m */ = {isa = PBXFileReference; fileEncoding = 4; lastKnownFileType = sourcecode.c.objc; path = CircularRespondAreaButton.m; sourceTree = "<group>"; };
		33EBA9281EF2EC26004624D7 /* AlphaRespondAreaButton.h */ = {isa = PBXFileReference; fileEncoding = 4; lastKnownFileType = sourcecode.c.h; path = AlphaRespondAreaButton.h; sourceTree = "<group>"; };
		33EBA9291EF2EC26004624D7 /* AlphaRespondAreaButton.m */ = {isa = PBXFileReference; fileEncoding = 4; lastKnownFileType = sourcecode.c.objc; path = AlphaRespondAreaButton.m; sourceTree = "<group>"; };
		33EBA92B1EF2EFBE004624D7 /* ShapeAreaButton.h */ = {isa = PBXFileReference; fileEncoding = 4; lastKnownFileType = sourcecode.c.h; path = ShapeAreaButton.h; sourceTree = "<group>"; };
		33EBA92C1EF2EFBE004624D7 /* ShapeAreaButton.m */ = {isa = PBXFileReference; fileEncoding = 4; lastKnownFileType = sourcecode.c.objc; path = ShapeAreaButton.m; sourceTree = "<group>"; };
		33EBA92F1EF2FB17004624D7 /* ScrollViewDemoVC.h */ = {isa = PBXFileReference; fileEncoding = 4; lastKnownFileType = sourcecode.c.h; path = ScrollViewDemoVC.h; sourceTree = "<group>"; };
		33EBA9301EF2FB17004624D7 /* ScrollViewDemoVC.m */ = {isa = PBXFileReference; fileEncoding = 4; lastKnownFileType = sourcecode.c.objc; path = ScrollViewDemoVC.m; sourceTree = "<group>"; };
		33EBA9311EF2FB17004624D7 /* ScrollViewDemoVC.xib */ = {isa = PBXFileReference; fileEncoding = 4; lastKnownFileType = file.xib; path = ScrollViewDemoVC.xib; sourceTree = "<group>"; };
		33EBA9351EF2FC23004624D7 /* BeyondSuperViewVC.h */ = {isa = PBXFileReference; fileEncoding = 4; lastKnownFileType = sourcecode.c.h; path = BeyondSuperViewVC.h; sourceTree = "<group>"; };
		33EBA9361EF2FC23004624D7 /* BeyondSuperViewVC.m */ = {isa = PBXFileReference; fileEncoding = 4; lastKnownFileType = sourcecode.c.objc; path = BeyondSuperViewVC.m; sourceTree = "<group>"; };
		33EBA9371EF2FC23004624D7 /* BeyondSuperViewVC.xib */ = {isa = PBXFileReference; fileEncoding = 4; lastKnownFileType = file.xib; path = BeyondSuperViewVC.xib; sourceTree = "<group>"; };
		33EBA93A1EF2FD1C004624D7 /* UIResponder+PrintMessage.h */ = {isa = PBXFileReference; fileEncoding = 4; lastKnownFileType = sourcecode.c.h; path = "UIResponder+PrintMessage.h"; sourceTree = "<group>"; };
		33EBA93B1EF2FD1C004624D7 /* UIResponder+PrintMessage.m */ = {isa = PBXFileReference; fileEncoding = 4; lastKnownFileType = sourcecode.c.objc; path = "UIResponder+PrintMessage.m"; sourceTree = "<group>"; };
		33EBA93D1EF30060004624D7 /* UIView+PrintMessage.h */ = {isa = PBXFileReference; fileEncoding = 4; lastKnownFileType = sourcecode.c.h; path = "UIView+PrintMessage.h"; sourceTree = "<group>"; };
		33EBA93E1EF30060004624D7 /* UIView+PrintMessage.m */ = {isa = PBXFileReference; fileEncoding = 4; lastKnownFileType = sourcecode.c.objc; path = "UIView+PrintMessage.m"; sourceTree = "<group>"; };
		33EBA9421EF30628004624D7 /* SubViewOutsideCanRespondView.h */ = {isa = PBXFileReference; fileEncoding = 4; lastKnownFileType = sourcecode.c.h; path = SubViewOutsideCanRespondView.h; sourceTree = "<group>"; };
		33EBA9431EF30628004624D7 /* SubViewOutsideCanRespondView.m */ = {isa = PBXFileReference; fileEncoding = 4; lastKnownFileType = sourcecode.c.objc; path = SubViewOutsideCanRespondView.m; sourceTree = "<group>"; };
		33EBA9451EF313BF004624D7 /* HackerScrollView.h */ = {isa = PBXFileReference; fileEncoding = 4; lastKnownFileType = sourcecode.c.h; path = HackerScrollView.h; sourceTree = "<group>"; };
		33EBA9461EF313BF004624D7 /* HackerScrollView.m */ = {isa = PBXFileReference; fileEncoding = 4; lastKnownFileType = sourcecode.c.objc; path = HackerScrollView.m; sourceTree = "<group>"; };
		33EBA9481EF314D4004624D7 /* ScrollViewSuperView.h */ = {isa = PBXFileReference; fileEncoding = 4; lastKnownFileType = sourcecode.c.h; path = ScrollViewSuperView.h; sourceTree = "<group>"; };
		33EBA9491EF314D4004624D7 /* ScrollViewSuperView.m */ = {isa = PBXFileReference; fileEncoding = 4; lastKnownFileType = sourcecode.c.objc; path = ScrollViewSuperView.m; sourceTree = "<group>"; };
		5C6D28EEC1B5E3424CF2308B /* Pods-TestTemplateProject.debug.xcconfig */ = {isa = PBXFileReference; includeInIndex = 1; lastKnownFileType = text.xcconfig; name = "Pods-TestTemplateProject.debug.xcconfig"; path = "Pods/Target Support Files/Pods-TestTemplateProject/Pods-TestTemplateProject.debug.xcconfig"; sourceTree = "<group>"; };
		8667C82644C5D48169DF56D2 /* Pods-TestTemplateProject.release.xcconfig */ = {isa = PBXFileReference; includeInIndex = 1; lastKnownFileType = text.xcconfig; name = "Pods-TestTemplateProject.release.xcconfig"; path = "Pods/Target Support Files/Pods-TestTemplateProject/Pods-TestTemplateProject.release.xcconfig"; sourceTree = "<group>"; };
		B50394D51EEE71E00016FA97 /* HomePageVC.h */ = {isa = PBXFileReference; fileEncoding = 4; lastKnownFileType = sourcecode.c.h; path = HomePageVC.h; sourceTree = "<group>"; };
		B50394D61EEE71E00016FA97 /* HomePageVC.m */ = {isa = PBXFileReference; fileEncoding = 4; lastKnownFileType = sourcecode.c.objc; path = HomePageVC.m; sourceTree = "<group>"; };
		B50394D71EEE71E00016FA97 /* HomePageVC.xib */ = {isa = PBXFileReference; fileEncoding = 4; lastKnownFileType = file.xib; path = HomePageVC.xib; sourceTree = "<group>"; };
		B50394DB1EEE71FB0016FA97 /* PlaygroundVC.h */ = {isa = PBXFileReference; fileEncoding = 4; lastKnownFileType = sourcecode.c.h; path = PlaygroundVC.h; sourceTree = "<group>"; };
		B50394DC1EEE71FB0016FA97 /* PlaygroundVC.m */ = {isa = PBXFileReference; fileEncoding = 4; lastKnownFileType = sourcecode.c.objc; path = PlaygroundVC.m; sourceTree = "<group>"; };
		B50394DD1EEE71FB0016FA97 /* PlaygroundVC.xib */ = {isa = PBXFileReference; fileEncoding = 4; lastKnownFileType = file.xib; path = PlaygroundVC.xib; sourceTree = "<group>"; };
		B507118A1F147AD6008EC4AE /* BNPopoverCommon.h */ = {isa = PBXFileReference; fileEncoding = 4; lastKnownFileType = sourcecode.c.h; path = BNPopoverCommon.h; sourceTree = "<group>"; };
		B507118C1F147AD6008EC4AE /* BNPopoverBaseLayout.h */ = {isa = PBXFileReference; fileEncoding = 4; lastKnownFileType = sourcecode.c.h; path = BNPopoverBaseLayout.h; sourceTree = "<group>"; };
		B507118D1F147AD6008EC4AE /* BNPopoverBaseLayout.m */ = {isa = PBXFileReference; fileEncoding = 4; lastKnownFileType = sourcecode.c.objc; path = BNPopoverBaseLayout.m; sourceTree = "<group>"; };
		B507118E1F147AD6008EC4AE /* BNPopoverBottomLayout.h */ = {isa = PBXFileReference; fileEncoding = 4; lastKnownFileType = sourcecode.c.h; path = BNPopoverBottomLayout.h; sourceTree = "<group>"; };
		B507118F1F147AD6008EC4AE /* BNPopoverBottomLayout.m */ = {isa = PBXFileReference; fileEncoding = 4; lastKnownFileType = sourcecode.c.objc; path = BNPopoverBottomLayout.m; sourceTree = "<group>"; };
		B50711901F147AD6008EC4AE /* BNPopoverCustomLayout.h */ = {isa = PBXFileReference; fileEncoding = 4; lastKnownFileType = sourcecode.c.h; path = BNPopoverCustomLayout.h; sourceTree = "<group>"; };
		B50711911F147AD6008EC4AE /* BNPopoverCustomLayout.m */ = {isa = PBXFileReference; fileEncoding = 4; lastKnownFileType = sourcecode.c.objc; path = BNPopoverCustomLayout.m; sourceTree = "<group>"; };
		B50711921F147AD6008EC4AE /* BNPopoverMiddleLayout.h */ = {isa = PBXFileReference; fileEncoding = 4; lastKnownFileType = sourcecode.c.h; path = BNPopoverMiddleLayout.h; sourceTree = "<group>"; };
		B50711931F147AD6008EC4AE /* BNPopoverMiddleLayout.m */ = {isa = PBXFileReference; fileEncoding = 4; lastKnownFileType = sourcecode.c.objc; path = BNPopoverMiddleLayout.m; sourceTree = "<group>"; };
		B50711941F147AD6008EC4AE /* BNPopoverWindow.h */ = {isa = PBXFileReference; fileEncoding = 4; lastKnownFileType = sourcecode.c.h; path = BNPopoverWindow.h; sourceTree = "<group>"; };
		B50711951F147AD6008EC4AE /* BNPopoverWindow.m */ = {isa = PBXFileReference; fileEncoding = 4; lastKnownFileType = sourcecode.c.objc; path = BNPopoverWindow.m; sourceTree = "<group>"; };
		B50711961F147AD6008EC4AE /* BNPopoverWindowRootVC.h */ = {isa = PBXFileReference; fileEncoding = 4; lastKnownFileType = sourcecode.c.h; path = BNPopoverWindowRootVC.h; sourceTree = "<group>"; };
		B50711971F147AD6008EC4AE /* BNPopoverWindowRootVC.m */ = {isa = PBXFileReference; fileEncoding = 4; lastKnownFileType = sourcecode.c.objc; path = BNPopoverWindowRootVC.m; sourceTree = "<group>"; };
		B50711AD1F14A522008EC4AE /* GestureDeepVC.h */ = {isa = PBXFileReference; fileEncoding = 4; lastKnownFileType = sourcecode.c.h; path = GestureDeepVC.h; sourceTree = "<group>"; };
		B50711AE1F14A522008EC4AE /* GestureDeepVC.m */ = {isa = PBXFileReference; fileEncoding = 4; lastKnownFileType = sourcecode.c.objc; path = GestureDeepVC.m; sourceTree = "<group>"; };
		B50711AF1F14A522008EC4AE /* GestureDeepVC.xib */ = {isa = PBXFileReference; fileEncoding = 4; lastKnownFileType = file.xib; path = GestureDeepVC.xib; sourceTree = "<group>"; };
		B50711BB1F14A5A9008EC4AE /* CustomGestureVC.h */ = {isa = PBXFileReference; fileEncoding = 4; lastKnownFileType = sourcecode.c.h; path = CustomGestureVC.h; sourceTree = "<group>"; };
		B50711BC1F14A5A9008EC4AE /* CustomGestureVC.m */ = {isa = PBXFileReference; fileEncoding = 4; lastKnownFileType = sourcecode.c.objc; path = CustomGestureVC.m; sourceTree = "<group>"; };
		B50711BD1F14A5A9008EC4AE /* CustomGestureVC.xib */ = {isa = PBXFileReference; fileEncoding = 4; lastKnownFileType = file.xib; path = CustomGestureVC.xib; sourceTree = "<group>"; };
		B50711C31F14B281008EC4AE /* ScratchGestureRecognizer.h */ = {isa = PBXFileReference; fileEncoding = 4; lastKnownFileType = sourcecode.c.h; path = ScratchGestureRecognizer.h; sourceTree = "<group>"; };
		B50711C41F14B281008EC4AE /* ScratchGestureRecognizer.m */ = {isa = PBXFileReference; fileEncoding = 4; lastKnownFileType = sourcecode.c.objc; path = ScratchGestureRecognizer.m; sourceTree = "<group>"; };
		B50711C61F14B2A5008EC4AE /* CheckGestureRecognizer.h */ = {isa = PBXFileReference; fileEncoding = 4; lastKnownFileType = sourcecode.c.h; path = CheckGestureRecognizer.h; sourceTree = "<group>"; };
		B50711C71F14B2A5008EC4AE /* CheckGestureRecognizer.m */ = {isa = PBXFileReference; fileEncoding = 4; lastKnownFileType = sourcecode.c.objc; path = CheckGestureRecognizer.m; sourceTree = "<group>"; };
		B56480221EF92268009CF536 /* GCDGroup.h */ = {isa = PBXFileReference; fileEncoding = 4; lastKnownFileType = sourcecode.c.h; path = GCDGroup.h; sourceTree = "<group>"; };
		B56480231EF92268009CF536 /* GCDGroup.m */ = {isa = PBXFileReference; fileEncoding = 4; lastKnownFileType = sourcecode.c.objc; path = GCDGroup.m; sourceTree = "<group>"; };
		B56480241EF92268009CF536 /* GCDMacros.h */ = {isa = PBXFileReference; fileEncoding = 4; lastKnownFileType = sourcecode.c.h; path = GCDMacros.h; sourceTree = "<group>"; };
		B56480251EF92268009CF536 /* GCDObjC.h */ = {isa = PBXFileReference; fileEncoding = 4; lastKnownFileType = sourcecode.c.h; path = GCDObjC.h; sourceTree = "<group>"; };
		B56480261EF92268009CF536 /* GCDQueue.h */ = {isa = PBXFileReference; fileEncoding = 4; lastKnownFileType = sourcecode.c.h; path = GCDQueue.h; sourceTree = "<group>"; };
		B56480271EF92268009CF536 /* GCDQueue.m */ = {isa = PBXFileReference; fileEncoding = 4; lastKnownFileType = sourcecode.c.objc; path = GCDQueue.m; sourceTree = "<group>"; };
		B56480281EF92268009CF536 /* GCDSemaphore.h */ = {isa = PBXFileReference; fileEncoding = 4; lastKnownFileType = sourcecode.c.h; path = GCDSemaphore.h; sourceTree = "<group>"; };
		B56480291EF92268009CF536 /* GCDSemaphore.m */ = {isa = PBXFileReference; fileEncoding = 4; lastKnownFileType = sourcecode.c.objc; path = GCDSemaphore.m; sourceTree = "<group>"; };
		B564802B1EF92268009CF536 /* MBProgressHUD+Add.h */ = {isa = PBXFileReference; fileEncoding = 4; lastKnownFileType = sourcecode.c.h; path = "MBProgressHUD+Add.h"; sourceTree = "<group>"; };
		B564802C1EF92268009CF536 /* MBProgressHUD+Add.m */ = {isa = PBXFileReference; fileEncoding = 4; lastKnownFileType = sourcecode.c.objc; path = "MBProgressHUD+Add.m"; sourceTree = "<group>"; };
		B564802D1EF92268009CF536 /* MBProgressHUD.h */ = {isa = PBXFileReference; fileEncoding = 4; lastKnownFileType = sourcecode.c.h; path = MBProgressHUD.h; sourceTree = "<group>"; };
		B564802E1EF92268009CF536 /* MBProgressHUD.m */ = {isa = PBXFileReference; fileEncoding = 4; lastKnownFileType = sourcecode.c.objc; path = MBProgressHUD.m; sourceTree = "<group>"; };
		B56480341EF922E9009CF536 /* CommonUtils.h */ = {isa = PBXFileReference; fileEncoding = 4; lastKnownFileType = sourcecode.c.h; path = CommonUtils.h; sourceTree = "<group>"; };
		B56480351EF922E9009CF536 /* CommonUtils.m */ = {isa = PBXFileReference; fileEncoding = 4; lastKnownFileType = sourcecode.c.objc; path = CommonUtils.m; sourceTree = "<group>"; };
		B56480371EF92301009CF536 /* UIImage+Blur.h */ = {isa = PBXFileReference; fileEncoding = 4; lastKnownFileType = sourcecode.c.h; path = "UIImage+Blur.h"; sourceTree = "<group>"; };
		B56480381EF92301009CF536 /* UIImage+Blur.m */ = {isa = PBXFileReference; fileEncoding = 4; lastKnownFileType = sourcecode.c.objc; path = "UIImage+Blur.m"; sourceTree = "<group>"; };
		B56480391EF92301009CF536 /* UIView+Hierarchy.h */ = {isa = PBXFileReference; fileEncoding = 4; lastKnownFileType = sourcecode.c.h; path = "UIView+Hierarchy.h"; sourceTree = "<group>"; };
		B564803A1EF92301009CF536 /* UIView+Hierarchy.m */ = {isa = PBXFileReference; fileEncoding = 4; lastKnownFileType = sourcecode.c.objc; path = "UIView+Hierarchy.m"; sourceTree = "<group>"; };
		B564803F1EF92315009CF536 /* BNPopupWindow.h */ = {isa = PBXFileReference; fileEncoding = 4; lastKnownFileType = sourcecode.c.h; path = BNPopupWindow.h; sourceTree = "<group>"; };
		B56480401EF92315009CF536 /* BNPopupWindow.m */ = {isa = PBXFileReference; fileEncoding = 4; lastKnownFileType = sourcecode.c.objc; path = BNPopupWindow.m; sourceTree = "<group>"; };
		B56480431EF92346009CF536 /* BasePopoverVC.h */ = {isa = PBXFileReference; fileEncoding = 4; lastKnownFileType = sourcecode.c.h; path = BasePopoverVC.h; sourceTree = "<group>"; };
		B56480441EF92346009CF536 /* BasePopoverVC.m */ = {isa = PBXFileReference; fileEncoding = 4; lastKnownFileType = sourcecode.c.objc; path = BasePopoverVC.m; sourceTree = "<group>"; };
		B56480461EF92346009CF536 /* BaseWindowRootVC.h */ = {isa = PBXFileReference; fileEncoding = 4; lastKnownFileType = sourcecode.c.h; path = BaseWindowRootVC.h; sourceTree = "<group>"; };
		B56480471EF92346009CF536 /* BaseWindowRootVC.m */ = {isa = PBXFileReference; fileEncoding = 4; lastKnownFileType = sourcecode.c.objc; path = BaseWindowRootVC.m; sourceTree = "<group>"; };
		B5FA68A51EF26F870077349C /* BaseViewController.h */ = {isa = PBXFileReference; fileEncoding = 4; lastKnownFileType = sourcecode.c.h; path = BaseViewController.h; sourceTree = "<group>"; };
		B5FA68A61EF26F870077349C /* BaseViewController.m */ = {isa = PBXFileReference; fileEncoding = 4; lastKnownFileType = sourcecode.c.objc; path = BaseViewController.m; sourceTree = "<group>"; };
		B5FA68A81EF26F870077349C /* BNNavigationController.h */ = {isa = PBXFileReference; fileEncoding = 4; lastKnownFileType = sourcecode.c.h; path = BNNavigationController.h; sourceTree = "<group>"; };
		B5FA68A91EF26F870077349C /* BNNavigationController.m */ = {isa = PBXFileReference; fileEncoding = 4; lastKnownFileType = sourcecode.c.objc; path = BNNavigationController.m; sourceTree = "<group>"; };
		B5FA68AB1EF26F870077349C /* BNTabBarController.h */ = {isa = PBXFileReference; fileEncoding = 4; lastKnownFileType = sourcecode.c.h; path = BNTabBarController.h; sourceTree = "<group>"; };
		B5FA68AC1EF26F870077349C /* BNTabBarController.m */ = {isa = PBXFileReference; fileEncoding = 4; lastKnownFileType = sourcecode.c.objc; path = BNTabBarController.m; sourceTree = "<group>"; };
		B5FA68CB1EF287BD0077349C /* ResponderDescVC.h */ = {isa = PBXFileReference; fileEncoding = 4; lastKnownFileType = sourcecode.c.h; path = ResponderDescVC.h; sourceTree = "<group>"; };
		B5FA68CC1EF287BD0077349C /* ResponderDescVC.m */ = {isa = PBXFileReference; fileEncoding = 4; lastKnownFileType = sourcecode.c.objc; path = ResponderDescVC.m; sourceTree = "<group>"; };
		B5FA68CD1EF287BD0077349C /* ResponderDescVC.xib */ = {isa = PBXFileReference; fileEncoding = 4; lastKnownFileType = file.xib; path = ResponderDescVC.xib; sourceTree = "<group>"; };
		B5FA68D01EF28A8C0077349C /* BNCustomWindow.h */ = {isa = PBXFileReference; fileEncoding = 4; lastKnownFileType = sourcecode.c.h; path = BNCustomWindow.h; sourceTree = "<group>"; };
		B5FA68D11EF28A8C0077349C /* BNCustomWindow.m */ = {isa = PBXFileReference; fileEncoding = 4; lastKnownFileType = sourcecode.c.objc; path = BNCustomWindow.m; sourceTree = "<group>"; };
		B5FA68D41EF2924F0077349C /* CustomView.h */ = {isa = PBXFileReference; fileEncoding = 4; lastKnownFileType = sourcecode.c.h; path = CustomView.h; sourceTree = "<group>"; };
		B5FA68D51EF2924F0077349C /* CustomView.m */ = {isa = PBXFileReference; fileEncoding = 4; lastKnownFileType = sourcecode.c.objc; path = CustomView.m; sourceTree = "<group>"; };
		B5FA68D71EF293BF0077349C /* CustomButton.h */ = {isa = PBXFileReference; fileEncoding = 4; lastKnownFileType = sourcecode.c.h; path = CustomButton.h; sourceTree = "<group>"; };
		B5FA68D81EF293BF0077349C /* CustomButton.m */ = {isa = PBXFileReference; fileEncoding = 4; lastKnownFileType = sourcecode.c.objc; path = CustomButton.m; sourceTree = "<group>"; };
		B5FA68DA1EF29C500077349C /* CustomControl.h */ = {isa = PBXFileReference; fileEncoding = 4; lastKnownFileType = sourcecode.c.h; path = CustomControl.h; sourceTree = "<group>"; };
		B5FA68DB1EF29C500077349C /* CustomControl.m */ = {isa = PBXFileReference; fileEncoding = 4; lastKnownFileType = sourcecode.c.objc; path = CustomControl.m; sourceTree = "<group>"; };
		B5FA68DD1EF2AE0D0077349C /* CustomTextField.h */ = {isa = PBXFileReference; fileEncoding = 4; lastKnownFileType = sourcecode.c.h; path = CustomTextField.h; sourceTree = "<group>"; };
		B5FA68DE1EF2AE0D0077349C /* CustomTextField.m */ = {isa = PBXFileReference; fileEncoding = 4; lastKnownFileType = sourcecode.c.objc; path = CustomTextField.m; sourceTree = "<group>"; };
/* End PBXFileReference section */

/* Begin PBXFrameworksBuildPhase section */
		330F7BBA1ED3321F0009280A /* Frameworks */ = {
			isa = PBXFrameworksBuildPhase;
			buildActionMask = 2147483647;
			files = (
				2B1041A2256952E4587B17F5 /* libPods-TestTemplateProject.a in Frameworks */,
			);
			runOnlyForDeploymentPostprocessing = 0;
		};
/* End PBXFrameworksBuildPhase section */

/* Begin PBXGroup section */
		330F7BB41ED3321F0009280A = {
			isa = PBXGroup;
			children = (
				330F7BBF1ED3321F0009280A /* TestTemplateProject */,
				330F7BBE1ED3321F0009280A /* Products */,
				7B8C9382664DA89AC4C34223 /* Pods */,
				BDE61C448897B6B2235B7026 /* Frameworks */,
			);
			sourceTree = "<group>";
		};
		330F7BBE1ED3321F0009280A /* Products */ = {
			isa = PBXGroup;
			children = (
				330F7BBD1ED3321F0009280A /* TestTemplateProject.app */,
			);
			name = Products;
			sourceTree = "<group>";
		};
		330F7BBF1ED3321F0009280A /* TestTemplateProject */ = {
			isa = PBXGroup;
			children = (
				330F7BD81ED333F00009280A /* Sources */,
				330F7BD71ED333F00009280A /* Resources */,
				330F7BF21ED333F00009280A /* Supporting Files */,
			);
			path = TestTemplateProject;
			sourceTree = "<group>";
		};
		330F7BD71ED333F00009280A /* Resources */ = {
			isa = PBXGroup;
			children = (
				330F7C011ED334380009280A /* Assets.xcassets */,
			);
			path = Resources;
			sourceTree = "<group>";
		};
		330F7BD81ED333F00009280A /* Sources */ = {
			isa = PBXGroup;
			children = (
				330F7BE21ED333F00009280A /* Vendor */,
				330F7BE01ED333F00009280A /* Global */,
				33144ED41EF05059006D27AC /* Utilities */,
				330F7BDB1ED333F00009280A /* Category */,
				B5FA68A31EF26F870077349C /* Base */,
				B564803D1EF92315009CF536 /* Common */,
				330F7BE11ED333F00009280A /* Network */,
				330F7BE31ED333F00009280A /* View */,
				330F7BEE1ED333F00009280A /* ViewController */,
				330F7BD91ED333F00009280A /* AppDelegate.h */,
				330F7BDA1ED333F00009280A /* AppDelegate.m */,
			);
			path = Sources;
			sourceTree = "<group>";
		};
		330F7BDB1ED333F00009280A /* Category */ = {
			isa = PBXGroup;
			children = (
				B56480391EF92301009CF536 /* UIView+Hierarchy.h */,
				B564803A1EF92301009CF536 /* UIView+Hierarchy.m */,
				330F7C0A1ED349AB0009280A /* UIView+Helper.h */,
				330F7C0B1ED349AB0009280A /* UIView+Helper.m */,
				33144EF71EF05218006D27AC /* NSString+Size.h */,
				33144EF81EF05218006D27AC /* NSString+Size.m */,
				B56480371EF92301009CF536 /* UIImage+Blur.h */,
				B56480381EF92301009CF536 /* UIImage+Blur.m */,
				33EBA93A1EF2FD1C004624D7 /* UIResponder+PrintMessage.h */,
				33EBA93B1EF2FD1C004624D7 /* UIResponder+PrintMessage.m */,
				33EBA93D1EF30060004624D7 /* UIView+PrintMessage.h */,
				33EBA93E1EF30060004624D7 /* UIView+PrintMessage.m */,
			);
			path = Category;
			sourceTree = "<group>";
		};
		330F7BE01ED333F00009280A /* Global */ = {
			isa = PBXGroup;
			children = (
				330F7ECC1ED352250009280A /* PrefixHeader.pch */,
				33144ED11EF04F1D006D27AC /* commonConstDef.h */,
				33144ED31EF04F1D006D27AC /* typedef.h */,
				33144ED21EF04F1D006D27AC /* macrodef.h */,
			);
			path = Global;
			sourceTree = "<group>";
		};
		330F7BE11ED333F00009280A /* Network */ = {
			isa = PBXGroup;
			children = (
			);
			path = Network;
			sourceTree = "<group>";
		};
		330F7BE21ED333F00009280A /* Vendor */ = {
			isa = PBXGroup;
			children = (
				337EEC261EDC3F2C00EDC166 /* DLIntrospection */,
				B564802A1EF92268009CF536 /* MBProgressHUD */,
				B56480211EF92268009CF536 /* GCDObjC */,
			);
			path = Vendor;
			sourceTree = "<group>";
		};
		330F7BE31ED333F00009280A /* View */ = {
			isa = PBXGroup;
			children = (
			);
			path = View;
			sourceTree = "<group>";
		};
		330F7BEE1ED333F00009280A /* ViewController */ = {
			isa = PBXGroup;
			children = (
				B50394D51EEE71E00016FA97 /* HomePageVC.h */,
				B50394D61EEE71E00016FA97 /* HomePageVC.m */,
				B50394D71EEE71E00016FA97 /* HomePageVC.xib */,
				B5FA68CA1EF287950077349C /* ResponderDescVC */,
				33EBA91C1EF2DB6E004624D7 /* FamiliarUsageVC */,
				33EBA9341EF2FC10004624D7 /* BeyondSuperViewVC */,
				33EBA92E1EF2FAFE004624D7 /* ScrollViewDemo */,
				33EBA9111EF2D64C004624D7 /* SuspendViewDemo */,
				33EBA9031EF2CE41004624D7 /* CircularSliderVC */,
				33EBA90B1EF2D07B004624D7 /* GestureVC */,
				B50711AC1F14A509008EC4AE /* GestureDeepVC */,
				B50711B21F14A57A008EC4AE /* CustomGestureVC */,
				B50394DA1EEE71FB0016FA97 /* Playground */,
			);
			path = ViewController;
			sourceTree = "<group>";
		};
		330F7BF21ED333F00009280A /* Supporting Files */ = {
			isa = PBXGroup;
			children = (
				330F7BF41ED333F00009280A /* Info.plist */,
				330F7BF51ED333F00009280A /* main.m */,
			);
			path = "Supporting Files";
			sourceTree = "<group>";
		};
		33144ED41EF05059006D27AC /* Utilities */ = {
			isa = PBXGroup;
			children = (
				33144EEB1EF05059006D27AC /* Utility.h */,
				33144EEA1EF05059006D27AC /* UIUtils.m */,
				33144EE91EF05059006D27AC /* UIUtils.h */,
				B56480341EF922E9009CF536 /* CommonUtils.h */,
				B56480351EF922E9009CF536 /* CommonUtils.m */,
			);
			path = Utilities;
			sourceTree = "<group>";
		};
		337EEC261EDC3F2C00EDC166 /* DLIntrospection */ = {
			isa = PBXGroup;
			children = (
				337EEC271EDC3F2C00EDC166 /* NSObject+DLIntrospection.h */,
				337EEC281EDC3F2C00EDC166 /* NSObject+DLIntrospection.m */,
			);
			path = DLIntrospection;
			sourceTree = "<group>";
		};
		33EBA9031EF2CE41004624D7 /* CircularSliderVC */ = {
			isa = PBXGroup;
			children = (
				33EBA9041EF2CE41004624D7 /* Commons.h */,
				33EBA9051EF2CE41004624D7 /* TBCircularSlider.h */,
				33EBA9061EF2CE41004624D7 /* TBCircularSlider.m */,
				33EBA9071EF2CE41004624D7 /* CircularSliderVC.h */,
				33EBA9081EF2CE41004624D7 /* CircularSliderVC.m */,
			);
			path = CircularSliderVC;
			sourceTree = "<group>";
		};
		33EBA90B1EF2D07B004624D7 /* GestureVC */ = {
			isa = PBXGroup;
			children = (
				33EBA90C1EF2D07B004624D7 /* GestureVC.h */,
				33EBA90D1EF2D07B004624D7 /* GestureVC.m */,
				33EBA90E1EF2D07B004624D7 /* GestureVC.xib */,
			);
			path = GestureVC;
			sourceTree = "<group>";
		};
		33EBA9111EF2D64C004624D7 /* SuspendViewDemo */ = {
			isa = PBXGroup;
			children = (
				33EBA9121EF2D64C004624D7 /* CCHSuspendWindow */,
				33EBA9171EF2D64C004624D7 /* SuspendViewDemoVC.h */,
				33EBA9181EF2D64C004624D7 /* SuspendViewDemoVC.m */,
			);
			path = SuspendViewDemo;
			sourceTree = "<group>";
		};
		33EBA9121EF2D64C004624D7 /* CCHSuspendWindow */ = {
			isa = PBXGroup;
			children = (
				33EBA9131EF2D64C004624D7 /* CCHContentViewController.h */,
				33EBA9141EF2D64C004624D7 /* CCHContentViewController.m */,
				33EBA9151EF2D64C004624D7 /* CCHSuspendWindow.h */,
				33EBA9161EF2D64C004624D7 /* CCHSuspendWindow.m */,
			);
			path = CCHSuspendWindow;
			sourceTree = "<group>";
		};
		33EBA91C1EF2DB6E004624D7 /* FamiliarUsageVC */ = {
			isa = PBXGroup;
			children = (
				33EBA91D1EF2DB8F004624D7 /* FamiliarUsageVC.h */,
				33EBA91E1EF2DB8F004624D7 /* FamiliarUsageVC.m */,
				33EBA91F1EF2DB8F004624D7 /* FamiliarUsageVC.xib */,
				33EBA9221EF2DFC6004624D7 /* LargerResondAreaButton.h */,
				33EBA9231EF2DFC6004624D7 /* LargerResondAreaButton.m */,
				33EBA9251EF2E8D4004624D7 /* CircularRespondAreaButton.h */,
				33EBA9261EF2E8D4004624D7 /* CircularRespondAreaButton.m */,
				33EBA92B1EF2EFBE004624D7 /* ShapeAreaButton.h */,
				33EBA92C1EF2EFBE004624D7 /* ShapeAreaButton.m */,
				33EBA9281EF2EC26004624D7 /* AlphaRespondAreaButton.h */,
				33EBA9291EF2EC26004624D7 /* AlphaRespondAreaButton.m */,
			);
			path = FamiliarUsageVC;
			sourceTree = "<group>";
		};
		33EBA92E1EF2FAFE004624D7 /* ScrollViewDemo */ = {
			isa = PBXGroup;
			children = (
				33EBA92F1EF2FB17004624D7 /* ScrollViewDemoVC.h */,
				33EBA9301EF2FB17004624D7 /* ScrollViewDemoVC.m */,
				33EBA9311EF2FB17004624D7 /* ScrollViewDemoVC.xib */,
				33EBA9451EF313BF004624D7 /* HackerScrollView.h */,
				33EBA9461EF313BF004624D7 /* HackerScrollView.m */,
				33EBA9481EF314D4004624D7 /* ScrollViewSuperView.h */,
				33EBA9491EF314D4004624D7 /* ScrollViewSuperView.m */,
			);
			path = ScrollViewDemo;
			sourceTree = "<group>";
		};
		33EBA9341EF2FC10004624D7 /* BeyondSuperViewVC */ = {
			isa = PBXGroup;
			children = (
				33EBA9351EF2FC23004624D7 /* BeyondSuperViewVC.h */,
				33EBA9361EF2FC23004624D7 /* BeyondSuperViewVC.m */,
				33EBA9371EF2FC23004624D7 /* BeyondSuperViewVC.xib */,
				33EBA9421EF30628004624D7 /* SubViewOutsideCanRespondView.h */,
				33EBA9431EF30628004624D7 /* SubViewOutsideCanRespondView.m */,
			);
			path = BeyondSuperViewVC;
			sourceTree = "<group>";
		};
		7B8C9382664DA89AC4C34223 /* Pods */ = {
			isa = PBXGroup;
			children = (
				5C6D28EEC1B5E3424CF2308B /* Pods-TestTemplateProject.debug.xcconfig */,
				8667C82644C5D48169DF56D2 /* Pods-TestTemplateProject.release.xcconfig */,
			);
			name = Pods;
			sourceTree = "<group>";
		};
		B50394DA1EEE71FB0016FA97 /* Playground */ = {
			isa = PBXGroup;
			children = (
				B50394DB1EEE71FB0016FA97 /* PlaygroundVC.h */,
				B50394DC1EEE71FB0016FA97 /* PlaygroundVC.m */,
				B50394DD1EEE71FB0016FA97 /* PlaygroundVC.xib */,
			);
			path = Playground;
			sourceTree = "<group>";
		};
		B50711891F147AD6008EC4AE /* BNPopoverWindow */ = {
			isa = PBXGroup;
			children = (
				B507118A1F147AD6008EC4AE /* BNPopoverCommon.h */,
				B507118B1F147AD6008EC4AE /* BNPopoverLayoutStrategy */,
				B50711941F147AD6008EC4AE /* BNPopoverWindow.h */,
				B50711951F147AD6008EC4AE /* BNPopoverWindow.m */,
				B50711961F147AD6008EC4AE /* BNPopoverWindowRootVC.h */,
				B50711971F147AD6008EC4AE /* BNPopoverWindowRootVC.m */,
			);
			path = BNPopoverWindow;
			sourceTree = "<group>";
		};
		B507118B1F147AD6008EC4AE /* BNPopoverLayoutStrategy */ = {
			isa = PBXGroup;
			children = (
				B507118C1F147AD6008EC4AE /* BNPopoverBaseLayout.h */,
				B507118D1F147AD6008EC4AE /* BNPopoverBaseLayout.m */,
				B507118E1F147AD6008EC4AE /* BNPopoverBottomLayout.h */,
				B507118F1F147AD6008EC4AE /* BNPopoverBottomLayout.m */,
				B50711901F147AD6008EC4AE /* BNPopoverCustomLayout.h */,
				B50711911F147AD6008EC4AE /* BNPopoverCustomLayout.m */,
				B50711921F147AD6008EC4AE /* BNPopoverMiddleLayout.h */,
				B50711931F147AD6008EC4AE /* BNPopoverMiddleLayout.m */,
			);
			path = BNPopoverLayoutStrategy;
			sourceTree = "<group>";
		};
		B50711AC1F14A509008EC4AE /* GestureDeepVC */ = {
			isa = PBXGroup;
			children = (
				B50711AD1F14A522008EC4AE /* GestureDeepVC.h */,
				B50711AE1F14A522008EC4AE /* GestureDeepVC.m */,
				B50711AF1F14A522008EC4AE /* GestureDeepVC.xib */,
			);
			path = GestureDeepVC;
			sourceTree = "<group>";
		};
		B50711B21F14A57A008EC4AE /* CustomGestureVC */ = {
			isa = PBXGroup;
			children = (
				B50711C01F14B038008EC4AE /* 挠痒手势 */,
				B50711C11F14B054008EC4AE /* 打勾手势 */,
				B50711BB1F14A5A9008EC4AE /* CustomGestureVC.h */,
				B50711BC1F14A5A9008EC4AE /* CustomGestureVC.m */,
				B50711BD1F14A5A9008EC4AE /* CustomGestureVC.xib */,
			);
			path = CustomGestureVC;
			sourceTree = "<group>";
		};
		B50711C01F14B038008EC4AE /* 挠痒手势 */ = {
			isa = PBXGroup;
			children = (
				B50711C31F14B281008EC4AE /* ScratchGestureRecognizer.h */,
				B50711C41F14B281008EC4AE /* ScratchGestureRecognizer.m */,
			);
			path = "挠痒手势";
			sourceTree = "<group>";
		};
		B50711C11F14B054008EC4AE /* 打勾手势 */ = {
			isa = PBXGroup;
			children = (
				B50711C61F14B2A5008EC4AE /* CheckGestureRecognizer.h */,
				B50711C71F14B2A5008EC4AE /* CheckGestureRecognizer.m */,
			);
			path = "打勾手势";
			sourceTree = "<group>";
		};
		B56480211EF92268009CF536 /* GCDObjC */ = {
			isa = PBXGroup;
			children = (
				B56480221EF92268009CF536 /* GCDGroup.h */,
				B56480231EF92268009CF536 /* GCDGroup.m */,
				B56480241EF92268009CF536 /* GCDMacros.h */,
				B56480251EF92268009CF536 /* GCDObjC.h */,
				B56480261EF92268009CF536 /* GCDQueue.h */,
				B56480271EF92268009CF536 /* GCDQueue.m */,
				B56480281EF92268009CF536 /* GCDSemaphore.h */,
				B56480291EF92268009CF536 /* GCDSemaphore.m */,
			);
			path = GCDObjC;
			sourceTree = "<group>";
		};
		B564802A1EF92268009CF536 /* MBProgressHUD */ = {
			isa = PBXGroup;
			children = (
				B564802B1EF92268009CF536 /* MBProgressHUD+Add.h */,
				B564802C1EF92268009CF536 /* MBProgressHUD+Add.m */,
				B564802D1EF92268009CF536 /* MBProgressHUD.h */,
				B564802E1EF92268009CF536 /* MBProgressHUD.m */,
			);
			path = MBProgressHUD;
			sourceTree = "<group>";
		};
		B564803D1EF92315009CF536 /* Common */ = {
			isa = PBXGroup;
			children = (
				B564803E1EF92315009CF536 /* BNPopupWindow */,
			);
			path = Common;
			sourceTree = "<group>";
		};
		B564803E1EF92315009CF536 /* BNPopupWindow */ = {
			isa = PBXGroup;
			children = (
				B564803F1EF92315009CF536 /* BNPopupWindow.h */,
				B56480401EF92315009CF536 /* BNPopupWindow.m */,
			);
			path = BNPopupWindow;
			sourceTree = "<group>";
		};
		B56480421EF92346009CF536 /* BasePopoverVC */ = {
			isa = PBXGroup;
			children = (
				B56480431EF92346009CF536 /* BasePopoverVC.h */,
				B56480441EF92346009CF536 /* BasePopoverVC.m */,
			);
			path = BasePopoverVC;
			sourceTree = "<group>";
		};
		B56480451EF92346009CF536 /* BaseWindowRootVC */ = {
			isa = PBXGroup;
			children = (
				B56480461EF92346009CF536 /* BaseWindowRootVC.h */,
				B56480471EF92346009CF536 /* BaseWindowRootVC.m */,
			);
			path = BaseWindowRootVC;
			sourceTree = "<group>";
		};
		B5FA68A31EF26F870077349C /* Base */ = {
			isa = PBXGroup;
			children = (
				B5FA68A41EF26F870077349C /* BaseViewController */,
				B56480421EF92346009CF536 /* BasePopoverVC */,
				B56480451EF92346009CF536 /* BaseWindowRootVC */,
				B5FA68A71EF26F870077349C /* BNNavigationController */,
				B5FA68AA1EF26F870077349C /* BNTabBarController */,
				B50711891F147AD6008EC4AE /* BNPopoverWindow */,
			);
			path = Base;
			sourceTree = "<group>";
		};
		B5FA68A41EF26F870077349C /* BaseViewController */ = {
			isa = PBXGroup;
			children = (
				B5FA68A51EF26F870077349C /* BaseViewController.h */,
				B5FA68A61EF26F870077349C /* BaseViewController.m */,
			);
			path = BaseViewController;
			sourceTree = "<group>";
		};
		B5FA68A71EF26F870077349C /* BNNavigationController */ = {
			isa = PBXGroup;
			children = (
				B5FA68A81EF26F870077349C /* BNNavigationController.h */,
				B5FA68A91EF26F870077349C /* BNNavigationController.m */,
			);
			path = BNNavigationController;
			sourceTree = "<group>";
		};
		B5FA68AA1EF26F870077349C /* BNTabBarController */ = {
			isa = PBXGroup;
			children = (
				B5FA68AB1EF26F870077349C /* BNTabBarController.h */,
				B5FA68AC1EF26F870077349C /* BNTabBarController.m */,
			);
			path = BNTabBarController;
			sourceTree = "<group>";
		};
		B5FA68CA1EF287950077349C /* ResponderDescVC */ = {
			isa = PBXGroup;
			children = (
				B5FA68CB1EF287BD0077349C /* ResponderDescVC.h */,
				B5FA68CC1EF287BD0077349C /* ResponderDescVC.m */,
				B5FA68CD1EF287BD0077349C /* ResponderDescVC.xib */,
				B5FA68D01EF28A8C0077349C /* BNCustomWindow.h */,
				B5FA68D11EF28A8C0077349C /* BNCustomWindow.m */,
				B5FA68D41EF2924F0077349C /* CustomView.h */,
				B5FA68D51EF2924F0077349C /* CustomView.m */,
				B5FA68D71EF293BF0077349C /* CustomButton.h */,
				B5FA68D81EF293BF0077349C /* CustomButton.m */,
				B5FA68DA1EF29C500077349C /* CustomControl.h */,
				B5FA68DB1EF29C500077349C /* CustomControl.m */,
				B5FA68DD1EF2AE0D0077349C /* CustomTextField.h */,
				B5FA68DE1EF2AE0D0077349C /* CustomTextField.m */,
			);
			path = ResponderDescVC;
			sourceTree = "<group>";
		};
		BDE61C448897B6B2235B7026 /* Frameworks */ = {
			isa = PBXGroup;
			children = (
				0B6364692DBB1E35BBAC518E /* libPods-TestTemplateProject.a */,
			);
			name = Frameworks;
			sourceTree = "<group>";
		};
/* End PBXGroup section */

/* Begin PBXNativeTarget section */
		330F7BBC1ED3321F0009280A /* TestTemplateProject */ = {
			isa = PBXNativeTarget;
			buildConfigurationList = 330F7BD41ED3321F0009280A /* Build configuration list for PBXNativeTarget "TestTemplateProject" */;
			buildPhases = (
				E066EE105A7C679E0096DEB6 /* [CP] Check Pods Manifest.lock */,
				330F7BB91ED3321F0009280A /* Sources */,
				330F7BBA1ED3321F0009280A /* Frameworks */,
				330F7BBB1ED3321F0009280A /* Resources */,
				017CFE35F4873F7DCD00325B /* [CP] Embed Pods Frameworks */,
				E2A3D35009822E41A6D16F3A /* [CP] Copy Pods Resources */,
			);
			buildRules = (
			);
			dependencies = (
			);
			name = TestTemplateProject;
			productName = TestTemplateProject;
			productReference = 330F7BBD1ED3321F0009280A /* TestTemplateProject.app */;
			productType = "com.apple.product-type.application";
		};
/* End PBXNativeTarget section */

/* Begin PBXProject section */
		330F7BB51ED3321F0009280A /* Project object */ = {
			isa = PBXProject;
			attributes = {
				LastUpgradeCheck = 0830;
				ORGANIZATIONNAME = iOSStudio;
				TargetAttributes = {
					330F7BBC1ED3321F0009280A = {
						CreatedOnToolsVersion = 8.3.2;
						ProvisioningStyle = Manual;
					};
				};
			};
			buildConfigurationList = 330F7BB81ED3321F0009280A /* Build configuration list for PBXProject "TestTemplateProject" */;
			compatibilityVersion = "Xcode 3.2";
			developmentRegion = English;
			hasScannedForEncodings = 0;
			knownRegions = (
				en,
				Base,
			);
			mainGroup = 330F7BB41ED3321F0009280A;
			productRefGroup = 330F7BBE1ED3321F0009280A /* Products */;
			projectDirPath = "";
			projectRoot = "";
			targets = (
				330F7BBC1ED3321F0009280A /* TestTemplateProject */,
			);
		};
/* End PBXProject section */

/* Begin PBXResourcesBuildPhase section */
		330F7BBB1ED3321F0009280A /* Resources */ = {
			isa = PBXResourcesBuildPhase;
			buildActionMask = 2147483647;
			files = (
				33EBA9101EF2D07B004624D7 /* GestureVC.xib in Resources */,
				B50394D91EEE71E00016FA97 /* HomePageVC.xib in Resources */,
				33EBA9391EF2FC23004624D7 /* BeyondSuperViewVC.xib in Resources */,
				B50711B11F14A522008EC4AE /* GestureDeepVC.xib in Resources */,
				B50394DF1EEE71FB0016FA97 /* PlaygroundVC.xib in Resources */,
				33EBA9211EF2DB8F004624D7 /* FamiliarUsageVC.xib in Resources */,
				B5FA68CF1EF287BD0077349C /* ResponderDescVC.xib in Resources */,
				330F7C021ED334380009280A /* Assets.xcassets in Resources */,
				33EBA9331EF2FB17004624D7 /* ScrollViewDemoVC.xib in Resources */,
				B50711BF1F14A5A9008EC4AE /* CustomGestureVC.xib in Resources */,
			);
			runOnlyForDeploymentPostprocessing = 0;
		};
/* End PBXResourcesBuildPhase section */

/* Begin PBXShellScriptBuildPhase section */
		017CFE35F4873F7DCD00325B /* [CP] Embed Pods Frameworks */ = {
			isa = PBXShellScriptBuildPhase;
			buildActionMask = 2147483647;
			files = (
			);
			inputPaths = (
			);
			name = "[CP] Embed Pods Frameworks";
			outputPaths = (
			);
			runOnlyForDeploymentPostprocessing = 0;
			shellPath = /bin/sh;
			shellScript = "\"${SRCROOT}/Pods/Target Support Files/Pods-TestTemplateProject/Pods-TestTemplateProject-frameworks.sh\"\n";
			showEnvVarsInLog = 0;
		};
		E066EE105A7C679E0096DEB6 /* [CP] Check Pods Manifest.lock */ = {
			isa = PBXShellScriptBuildPhase;
			buildActionMask = 2147483647;
			files = (
			);
			inputPaths = (
			);
			name = "[CP] Check Pods Manifest.lock";
			outputPaths = (
			);
			runOnlyForDeploymentPostprocessing = 0;
			shellPath = /bin/sh;
			shellScript = "diff \"${PODS_PODFILE_DIR_PATH}/Podfile.lock\" \"${PODS_ROOT}/Manifest.lock\" > /dev/null\nif [ $? != 0 ] ; then\n    # print error to STDERR\n    echo \"error: The sandbox is not in sync with the Podfile.lock. Run 'pod install' or update your CocoaPods installation.\" >&2\n    exit 1\nfi\n";
			showEnvVarsInLog = 0;
		};
		E2A3D35009822E41A6D16F3A /* [CP] Copy Pods Resources */ = {
			isa = PBXShellScriptBuildPhase;
			buildActionMask = 2147483647;
			files = (
			);
			inputPaths = (
			);
			name = "[CP] Copy Pods Resources";
			outputPaths = (
			);
			runOnlyForDeploymentPostprocessing = 0;
			shellPath = /bin/sh;
			shellScript = "\"${SRCROOT}/Pods/Target Support Files/Pods-TestTemplateProject/Pods-TestTemplateProject-resources.sh\"\n";
			showEnvVarsInLog = 0;
		};
/* End PBXShellScriptBuildPhase section */

/* Begin PBXSourcesBuildPhase section */
		330F7BB91ED3321F0009280A /* Sources */ = {
			isa = PBXSourcesBuildPhase;
			buildActionMask = 2147483647;
			files = (
				B56480301EF92268009CF536 /* GCDQueue.m in Sources */,
				B56480361EF922E9009CF536 /* CommonUtils.m in Sources */,
				B56480411EF92315009CF536 /* BNPopupWindow.m in Sources */,
				33144EF91EF05218006D27AC /* NSString+Size.m in Sources */,
				33EBA9441EF30628004624D7 /* SubViewOutsideCanRespondView.m in Sources */,
				33144EF61EF05059006D27AC /* UIUtils.m in Sources */,
				B5FA68AD1EF26F870077349C /* BaseViewController.m in Sources */,
				B564802F1EF92268009CF536 /* GCDGroup.m in Sources */,
				B50711C81F14B2A5008EC4AE /* CheckGestureRecognizer.m in Sources */,
				B5FA68DF1EF2AE0D0077349C /* CustomTextField.m in Sources */,
				B56480331EF92268009CF536 /* MBProgressHUD.m in Sources */,
				B56480321EF92268009CF536 /* MBProgressHUD+Add.m in Sources */,
				33EBA9381EF2FC23004624D7 /* BeyondSuperViewVC.m in Sources */,
				B5FA68AE1EF26F870077349C /* BNNavigationController.m in Sources */,
				33EBA93F1EF30060004624D7 /* UIView+PrintMessage.m in Sources */,
				B50711BE1F14A5A9008EC4AE /* CustomGestureVC.m in Sources */,
				B56480481EF92346009CF536 /* BasePopoverVC.m in Sources */,
				33EBA9271EF2E8D4004624D7 /* CircularRespondAreaButton.m in Sources */,
				B50711991F147AD6008EC4AE /* BNPopoverBottomLayout.m in Sources */,
				33EBA93C1EF2FD1C004624D7 /* UIResponder+PrintMessage.m in Sources */,
				33EBA92D1EF2EFBE004624D7 /* ShapeAreaButton.m in Sources */,
				33EBA9241EF2DFC6004624D7 /* LargerResondAreaButton.m in Sources */,
				B507119B1F147AD6008EC4AE /* BNPopoverMiddleLayout.m in Sources */,
				B564803C1EF92301009CF536 /* UIView+Hierarchy.m in Sources */,
				B507119D1F147AD6008EC4AE /* BNPopoverWindowRootVC.m in Sources */,
				B50394D81EEE71E00016FA97 /* HomePageVC.m in Sources */,
				B50394DE1EEE71FB0016FA97 /* PlaygroundVC.m in Sources */,
				B5FA68DC1EF29C500077349C /* CustomControl.m in Sources */,
				B5FA68D21EF28A8C0077349C /* BNCustomWindow.m in Sources */,
				B5FA68CE1EF287BD0077349C /* ResponderDescVC.m in Sources */,
				33EBA94A1EF314D4004624D7 /* ScrollViewSuperView.m in Sources */,
				B50711B01F14A522008EC4AE /* GestureDeepVC.m in Sources */,
				33EBA9321EF2FB17004624D7 /* ScrollViewDemoVC.m in Sources */,
				B50711981F147AD6008EC4AE /* BNPopoverBaseLayout.m in Sources */,
				330F7BF61ED333F00009280A /* AppDelegate.m in Sources */,
				33EBA9091EF2CE41004624D7 /* TBCircularSlider.m in Sources */,
				B5FA68D91EF293BF0077349C /* CustomButton.m in Sources */,
				330F7C0D1ED349AB0009280A /* UIView+Helper.m in Sources */,
				33EBA90F1EF2D07B004624D7 /* GestureVC.m in Sources */,
				33EBA9471EF313BF004624D7 /* HackerScrollView.m in Sources */,
				B56480311EF92268009CF536 /* GCDSemaphore.m in Sources */,
				B507119A1F147AD6008EC4AE /* BNPopoverCustomLayout.m in Sources */,
				B507119C1F147AD6008EC4AE /* BNPopoverWindow.m in Sources */,
				33EBA91B1EF2D64C004624D7 /* SuspendViewDemoVC.m in Sources */,
				B5FA68AF1EF26F870077349C /* BNTabBarController.m in Sources */,
				B5FA68D61EF2924F0077349C /* CustomView.m in Sources */,
				B50711C51F14B281008EC4AE /* ScratchGestureRecognizer.m in Sources */,
				33EBA9191EF2D64C004624D7 /* CCHContentViewController.m in Sources */,
				330F7C001ED333F00009280A /* main.m in Sources */,
				B564803B1EF92301009CF536 /* UIImage+Blur.m in Sources */,
				337EEC291EDC3F2C00EDC166 /* NSObject+DLIntrospection.m in Sources */,
				33EBA92A1EF2EC26004624D7 /* AlphaRespondAreaButton.m in Sources */,
				33EBA90A1EF2CE41004624D7 /* CircularSliderVC.m in Sources */,
				B56480491EF92346009CF536 /* BaseWindowRootVC.m in Sources */,
				33EBA91A1EF2D64C004624D7 /* CCHSuspendWindow.m in Sources */,
				33EBA9201EF2DB8F004624D7 /* FamiliarUsageVC.m in Sources */,
			);
			runOnlyForDeploymentPostprocessing = 0;
		};
/* End PBXSourcesBuildPhase section */

/* Begin XCBuildConfiguration section */
		330F7BD21ED3321F0009280A /* Debug */ = {
			isa = XCBuildConfiguration;
			buildSettings = {
				ALWAYS_SEARCH_USER_PATHS = NO;
				CLANG_ANALYZER_NONNULL = YES;
				CLANG_ANALYZER_NUMBER_OBJECT_CONVERSION = YES_AGGRESSIVE;
				CLANG_CXX_LANGUAGE_STANDARD = "gnu++0x";
				CLANG_CXX_LIBRARY = "libc++";
				CLANG_ENABLE_MODULES = YES;
				CLANG_ENABLE_OBJC_ARC = YES;
				CLANG_WARN_BOOL_CONVERSION = YES;
				CLANG_WARN_CONSTANT_CONVERSION = YES;
				CLANG_WARN_DIRECT_OBJC_ISA_USAGE = YES_ERROR;
				CLANG_WARN_DOCUMENTATION_COMMENTS = YES;
				CLANG_WARN_EMPTY_BODY = YES;
				CLANG_WARN_ENUM_CONVERSION = YES;
				CLANG_WARN_INFINITE_RECURSION = YES;
				CLANG_WARN_INT_CONVERSION = YES;
				CLANG_WARN_OBJC_ROOT_CLASS = YES_ERROR;
				CLANG_WARN_SUSPICIOUS_MOVE = YES;
				CLANG_WARN_UNREACHABLE_CODE = YES;
				CLANG_WARN__DUPLICATE_METHOD_MATCH = YES;
				"CODE_SIGN_IDENTITY[sdk=iphoneos*]" = "iPhone Developer";
				COPY_PHASE_STRIP = NO;
				DEBUG_INFORMATION_FORMAT = dwarf;
				ENABLE_STRICT_OBJC_MSGSEND = YES;
				ENABLE_TESTABILITY = YES;
				GCC_C_LANGUAGE_STANDARD = gnu99;
				GCC_DYNAMIC_NO_PIC = NO;
				GCC_NO_COMMON_BLOCKS = YES;
				GCC_OPTIMIZATION_LEVEL = 0;
				GCC_PREPROCESSOR_DEFINITIONS = (
					"DEBUG=1",
					"$(inherited)",
				);
				GCC_WARN_64_TO_32_BIT_CONVERSION = YES;
				GCC_WARN_ABOUT_RETURN_TYPE = YES_ERROR;
				GCC_WARN_UNDECLARED_SELECTOR = YES;
				GCC_WARN_UNINITIALIZED_AUTOS = YES_AGGRESSIVE;
				GCC_WARN_UNUSED_FUNCTION = YES;
				GCC_WARN_UNUSED_VARIABLE = YES;
				IPHONEOS_DEPLOYMENT_TARGET = 8.0;
				MTL_ENABLE_DEBUG_INFO = YES;
				ONLY_ACTIVE_ARCH = YES;
				SDKROOT = iphoneos;
			};
			name = Debug;
		};
		330F7BD31ED3321F0009280A /* Release */ = {
			isa = XCBuildConfiguration;
			buildSettings = {
				ALWAYS_SEARCH_USER_PATHS = NO;
				CLANG_ANALYZER_NONNULL = YES;
				CLANG_ANALYZER_NUMBER_OBJECT_CONVERSION = YES_AGGRESSIVE;
				CLANG_CXX_LANGUAGE_STANDARD = "gnu++0x";
				CLANG_CXX_LIBRARY = "libc++";
				CLANG_ENABLE_MODULES = YES;
				CLANG_ENABLE_OBJC_ARC = YES;
				CLANG_WARN_BOOL_CONVERSION = YES;
				CLANG_WARN_CONSTANT_CONVERSION = YES;
				CLANG_WARN_DIRECT_OBJC_ISA_USAGE = YES_ERROR;
				CLANG_WARN_DOCUMENTATION_COMMENTS = YES;
				CLANG_WARN_EMPTY_BODY = YES;
				CLANG_WARN_ENUM_CONVERSION = YES;
				CLANG_WARN_INFINITE_RECURSION = YES;
				CLANG_WARN_INT_CONVERSION = YES;
				CLANG_WARN_OBJC_ROOT_CLASS = YES_ERROR;
				CLANG_WARN_SUSPICIOUS_MOVE = YES;
				CLANG_WARN_UNREACHABLE_CODE = YES;
				CLANG_WARN__DUPLICATE_METHOD_MATCH = YES;
				"CODE_SIGN_IDENTITY[sdk=iphoneos*]" = "iPhone Developer";
				COPY_PHASE_STRIP = NO;
				DEBUG_INFORMATION_FORMAT = "dwarf-with-dsym";
				ENABLE_NS_ASSERTIONS = NO;
				ENABLE_STRICT_OBJC_MSGSEND = YES;
				GCC_C_LANGUAGE_STANDARD = gnu99;
				GCC_NO_COMMON_BLOCKS = YES;
				GCC_WARN_64_TO_32_BIT_CONVERSION = YES;
				GCC_WARN_ABOUT_RETURN_TYPE = YES_ERROR;
				GCC_WARN_UNDECLARED_SELECTOR = YES;
				GCC_WARN_UNINITIALIZED_AUTOS = YES_AGGRESSIVE;
				GCC_WARN_UNUSED_FUNCTION = YES;
				GCC_WARN_UNUSED_VARIABLE = YES;
				IPHONEOS_DEPLOYMENT_TARGET = 8.0;
				MTL_ENABLE_DEBUG_INFO = NO;
				SDKROOT = iphoneos;
				VALIDATE_PRODUCT = YES;
			};
			name = Release;
		};
		330F7BD51ED3321F0009280A /* Debug */ = {
			isa = XCBuildConfiguration;
			baseConfigurationReference = 5C6D28EEC1B5E3424CF2308B /* Pods-TestTemplateProject.debug.xcconfig */;
			buildSettings = {
				ASSETCATALOG_COMPILER_APPICON_NAME = AppIcon;
				ASSETCATALOG_COMPILER_LAUNCHIMAGE_NAME = LaunchImage;
				CLANG_WARN_DOCUMENTATION_COMMENTS = NO;
				DEVELOPMENT_TEAM = "";
				GCC_PRECOMPILE_PREFIX_HEADER = YES;
				GCC_PREFIX_HEADER = TestTemplateProject/Sources/Global/PrefixHeader.pch;
				GCC_WARN_ABOUT_DEPRECATED_FUNCTIONS = NO;
				HEADER_SEARCH_PATHS = "";
				INFOPLIST_FILE = "TestTemplateProject/Supporting Files/Info.plist";
				LD_RUNPATH_SEARCH_PATHS = "$(inherited) @executable_path/Frameworks";
				PRODUCT_BUNDLE_IDENTIFIER = iOSStudio.TestTemplateProject;
				PRODUCT_NAME = "$(TARGET_NAME)";
				PROVISIONING_PROFILE_SPECIFIER = "";
				USER_HEADER_SEARCH_PATHS = "";
			};
			name = Debug;
		};
		330F7BD61ED3321F0009280A /* Release */ = {
			isa = XCBuildConfiguration;
			baseConfigurationReference = 8667C82644C5D48169DF56D2 /* Pods-TestTemplateProject.release.xcconfig */;
			buildSettings = {
				ASSETCATALOG_COMPILER_APPICON_NAME = AppIcon;
				ASSETCATALOG_COMPILER_LAUNCHIMAGE_NAME = LaunchImage;
				CLANG_WARN_DOCUMENTATION_COMMENTS = NO;
				DEVELOPMENT_TEAM = "";
				GCC_PRECOMPILE_PREFIX_HEADER = YES;
				GCC_PREFIX_HEADER = TestTemplateProject/Sources/Global/PrefixHeader.pch;
				GCC_WARN_ABOUT_DEPRECATED_FUNCTIONS = NO;
				HEADER_SEARCH_PATHS = "";
				INFOPLIST_FILE = "TestTemplateProject/Supporting Files/Info.plist";
				LD_RUNPATH_SEARCH_PATHS = "$(inherited) @executable_path/Frameworks";
				PRODUCT_BUNDLE_IDENTIFIER = iOSStudio.TestTemplateProject;
				PRODUCT_NAME = "$(TARGET_NAME)";
				PROVISIONING_PROFILE_SPECIFIER = "";
				USER_HEADER_SEARCH_PATHS = "";
			};
			name = Release;
		};
/* End XCBuildConfiguration section */

/* Begin XCConfigurationList section */
		330F7BB81ED3321F0009280A /* Build configuration list for PBXProject "TestTemplateProject" */ = {
			isa = XCConfigurationList;
			buildConfigurations = (
				330F7BD21ED3321F0009280A /* Debug */,
				330F7BD31ED3321F0009280A /* Release */,
			);
			defaultConfigurationIsVisible = 0;
			defaultConfigurationName = Release;
		};
		330F7BD41ED3321F0009280A /* Build configuration list for PBXNativeTarget "TestTemplateProject" */ = {
			isa = XCConfigurationList;
			buildConfigurations = (
				330F7BD51ED3321F0009280A /* Debug */,
				330F7BD61ED3321F0009280A /* Release */,
			);
			defaultConfigurationIsVisible = 0;
			defaultConfigurationName = Release;
		};
/* End XCConfigurationList section */
	};
	rootObject = 330F7BB51ED3321F0009280A /* Project object */;
}
